
Microsoft Visual Studio Solution File, Format Version 12.00
# Visual Studio Version 17
VisualStudioVersion = 17.8.34330.188
MinimumVisualStudioVersion = 10.0.40219.1
Project("{2150E333-8FDC-42A3-9474-1A3956D46DE8}") = "src", "src", "{D0B36C49-7AF3-4C75-B84E-5EDCE1B0C03B}"
EndProject
Project("{2150E333-8FDC-42A3-9474-1A3956D46DE8}") = "tests", "tests", "{6C05C07B-CE60-4CBD-B309-F3FEF2F4CE17}"
EndProject
Project("{FAE04EC0-301F-11D3-BF4B-00C04F79EFBC}") = "VF.Catalog.Domain", "src\VF.Catalog.Domain\VF.Catalog.Domain.csproj", "{AAF5A73E-78E6-47F4-8A0A-CD6D16CE7B66}"
EndProject
Project("{FAE04EC0-301F-11D3-BF4B-00C04F79EFBC}") = "VF.Catalog.UnitTests", "tests\VF.Catalog.UnitTests\VF.Catalog.UnitTests.csproj", "{8D1EB73B-2474-44CE-8900-09936FC48555}"
EndProject
Global
	GlobalSection(SolutionConfigurationPlatforms) = preSolution
		Debug|Any CPU = Debug|Any CPU
		Release|Any CPU = Release|Any CPU
	EndGlobalSection
	GlobalSection(ProjectConfigurationPlatforms) = postSolution
		{AAF5A73E-78E6-47F4-8A0A-CD6D16CE7B66}.Debug|Any CPU.ActiveCfg = Debug|Any CPU
		{AAF5A73E-78E6-47F4-8A0A-CD6D16CE7B66}.Debug|Any CPU.Build.0 = Debug|Any CPU
		{AAF5A73E-78E6-47F4-8A0A-CD6D16CE7B66}.Release|Any CPU.ActiveCfg = Release|Any CPU
		{AAF5A73E-78E6-47F4-8A0A-CD6D16CE7B66}.Release|Any CPU.Build.0 = Release|Any CPU
		{0D941DA0-8B63-4609-A8AE-93D007280F4D}.Debug|Any CPU.ActiveCfg = Debug|Any CPU
		{0D941DA0-8B63-4609-A8AE-93D007280F4D}.Debug|Any CPU.Build.0 = Debug|Any CPU
		{0D941DA0-8B63-4609-A8AE-93D007280F4D}.Release|Any CPU.ActiveCfg = Release|Any CPU
		{0D941DA0-8B63-4609-A8AE-93D007280F4D}.Release|Any CPU.Build.0 = Release|Any CPU
		{8D1EB73B-2474-44CE-8900-09936FC48555}.Debug|Any CPU.ActiveCfg = Debug|Any CPU
		{8D1EB73B-2474-44CE-8900-09936FC48555}.Debug|Any CPU.Build.0 = Debug|Any CPU
		{8D1EB73B-2474-44CE-8900-09936FC48555}.Release|Any CPU.ActiveCfg = Release|Any CPU
		{8D1EB73B-2474-44CE-8900-09936FC48555}.Release|Any CPU.Build.0 = Release|Any CPU
	EndGlobalSection
	GlobalSection(SolutionProperties) = preSolution
		HideSolutionNode = FALSE
	EndGlobalSection
	GlobalSection(NestedProjects) = preSolution
		{AAF5A73E-78E6-47F4-8A0A-CD6D16CE7B66} = {D0B36C49-7AF3-4C75-B84E-5EDCE1B0C03B}
		{0D941DA0-8B63-4609-A8AE-93D007280F4D} = {6C05C07B-CE60-4CBD-B309-F3FEF2F4CE17}
		{8D1EB73B-2474-44CE-8900-09936FC48555} = {6C05C07B-CE60-4CBD-B309-F3FEF2F4CE17}
	EndGlobalSection
	GlobalSection(ExtensibilityGlobals) = postSolution
		SolutionGuid = {D22D3E52-8331-4880-BE0C-673B85011B17}
	EndGlobalSection
EndGlobal
