
Microsoft Visual Studio Solution File, Format Version 12.00
# Visual Studio Version 17
VisualStudioVersion = 17.8.34330.188
MinimumVisualStudioVersion = 10.0.40219.1
Project("{2150E333-8FDC-42A3-9474-1A3956D46DE8}") = "src", "src", "{D0B36C49-7AF3-4C75-B84E-5EDCE1B0C03B}"
EndProject
Project("{2150E333-8FDC-42A3-9474-1A3956D46DE8}") = "tests", "tests", "{6C05C07B-CE60-4CBD-B309-F3FEF2F4CE17}"
EndProject
Project("{FAE04EC0-301F-11D3-BF4B-00C04F79EFBC}") = "VF.Catalog.UnitTests", "VF.Catalog.UnitTests\VF.Catalog.UnitTests.csproj", "{1A40E6AF-0F48-4696-A482-AF1BA3677F76}"
EndProject
Global
	GlobalSection(SolutionConfigurationPlatforms) = preSolution
		Debug|Any CPU = Debug|Any CPU
		Release|Any CPU = Release|Any CPU
	EndGlobalSection
	GlobalSection(ProjectConfigurationPlatforms) = postSolution
		{1A40E6AF-0F48-4696-A482-AF1BA3677F76}.Debug|Any CPU.ActiveCfg = Debug|Any CPU
		{1A40E6AF-0F48-4696-A482-AF1BA3677F76}.Debug|Any CPU.Build.0 = Debug|Any CPU
		{1A40E6AF-0F48-4696-A482-AF1BA3677F76}.Release|Any CPU.ActiveCfg = Release|Any CPU
		{1A40E6AF-0F48-4696-A482-AF1BA3677F76}.Release|Any CPU.Build.0 = Release|Any CPU
	EndGlobalSection
	GlobalSection(SolutionProperties) = preSolution
		HideSolutionNode = FALSE
	EndGlobalSection
	GlobalSection(NestedProjects) = preSolution
		{1A40E6AF-0F48-4696-A482-AF1BA3677F76} = {6C05C07B-CE60-4CBD-B309-F3FEF2F4CE17}
	EndGlobalSection
	GlobalSection(ExtensibilityGlobals) = postSolution
		SolutionGuid = {D22D3E52-8331-4880-BE0C-673B85011B17}
	EndGlobalSection
EndGlobal
